
Microsoft Visual Studio Solution File, Format Version 12.00
# Visual Studio 15
VisualStudioVersion = 15.0.26124.0
MinimumVisualStudioVersion = 15.0.26124.0
Project("{2150E333-8FDC-42A3-9474-1A3956D46DE8}") = "BuildingBlocks", "BuildingBlocks", "{1AC880A6-752D-4FFA-8750-0D83C3300547}"
EndProject
Project("{FAE04EC0-301F-11D3-BF4B-00C04F79EFBC}") = "Landy.Domain", "Common\Landy.Domain\Landy.Domain.csproj", "{B11E0D1F-8BC3-443F-B655-9623B908FB57}"
EndProject
Project("{FAE04EC0-301F-11D3-BF4B-00C04F79EFBC}") = "Landy.Infrastructure", "Common\Landy.Infrastructure\Landy.Infrastructure.csproj", "{CB56E073-BF7F-41DA-995A-816240B59781}"
EndProject
Project("{FAE04EC0-301F-11D3-BF4B-00C04F79EFBC}") = "Landy.Application", "Common\Landy.Application\Landy.Application.csproj", "{F40C8684-1B54-47C2-B850-3A194079F419}"
EndProject
Project("{FAE04EC0-301F-11D3-BF4B-00C04F79EFBC}") = "Landy.CrossCuttingConcerns", "Common\Landy.CrossCuttingConcerns\Landy.CrossCuttingConcerns.csproj", "{0650092B-3160-4571-8394-ED9D03C1F204}"
EndProject
Project("{2150E333-8FDC-42A3-9474-1A3956D46DE8}") = "Identity", "Identity", "{36B9EC88-052F-4DC3-ACEC-53BD526E963B}"
EndProject
Project("{2150E333-8FDC-42A3-9474-1A3956D46DE8}") = "Offer", "Offer", "{F5A794F5-B00D-4FD9-B9C6-E8AB4418A954}"
EndProject
Project("{2150E333-8FDC-42A3-9474-1A3956D46DE8}") = "Notification", "Notification", "{CAFF8FAF-399B-424C-A3F6-02C156CBEC63}"
EndProject
Project("{2150E333-8FDC-42A3-9474-1A3956D46DE8}") = "Booking", "Booking", "{82F24A8F-3020-4B38-8B87-97A7D1D3326D}"
EndProject
Project("{2150E333-8FDC-42A3-9474-1A3956D46DE8}") = "Services", "Services", "{176FC32F-2DC6-44CD-917E-D1708252C9AB}"
EndProject
Project("{FAE04EC0-301F-11D3-BF4B-00C04F79EFBC}") = "Landy.Services.Booking.Core", "Services.Booking\Landy.Services.Booking.Core\Landy.Services.Booking.Core.csproj", "{0A5AFC66-6155-4142-B190-3254CD01DD21}"
EndProject
Project("{FAE04EC0-301F-11D3-BF4B-00C04F79EFBC}") = "Landy.Services.Booking.Background", "Services.Booking\Landy.Services.Booking.Background\Landy.Services.Booking.Background.csproj", "{FB97F6A6-5E77-4A28-A4D4-168DBC38CF95}"
EndProject
Project("{FAE04EC0-301F-11D3-BF4B-00C04F79EFBC}") = "Landy.Services.Booking.Api", "Services.Booking\Landy.Services.Booking.Api\Landy.Services.Booking.Api.csproj", "{AE71354D-2F34-47F2-8D55-064718DAC555}"
EndProject
Project("{FAE04EC0-301F-11D3-BF4B-00C04F79EFBC}") = "Landy.Services.Identity.Core", "Services.Identity\Landy.Services.Identity.Core\Landy.Services.Identity.Core.csproj", "{C6C3F297-3718-4C04-9635-3118D9C2F91D}"
EndProject
Project("{FAE04EC0-301F-11D3-BF4B-00C04F79EFBC}") = "Landy.Services.Identity.Api", "Services.Identity\Landy.Services.Identity.Api\Landy.Services.Identity.Api.csproj", "{8CBAD5F5-5974-4A5E-9CCB-B1BBF9555559}"
EndProject
Project("{FAE04EC0-301F-11D3-BF4B-00C04F79EFBC}") = "Landy.Services.Notification.Background", "Services.Notification\Landy.Services.Notification.Background\Landy.Services.Notification.Background.csproj", "{A3CBF118-3D9C-4F25-89F9-15EA46DA08E5}"
EndProject
Project("{FAE04EC0-301F-11D3-BF4B-00C04F79EFBC}") = "Landy.Services.Notification.Core", "Services.Notification\Landy.Services.Notification.Core\Landy.Services.Notification.Core.csproj", "{AC5A7DC5-CF84-4882-9015-0BB7A2A2D8C9}"
EndProject
Project("{FAE04EC0-301F-11D3-BF4B-00C04F79EFBC}") = "Landy.Services.Notification.Grpc", "Services.Notification\Landy.Services.Notification.Grpc\Landy.Services.Notification.Grpc.csproj", "{0A5D4D5A-9FCB-49CA-AFAC-D87342B5133F}"
EndProject
Project("{FAE04EC0-301F-11D3-BF4B-00C04F79EFBC}") = "Landy.Services.Offer.Core", "Services.Offer\Landy.Services.Offer.Core\Landy.Services.Offer.Core.csproj", "{887CDB2C-F6DF-4CE2-84E6-EFDBFA634AFA}"
EndProject
Project("{FAE04EC0-301F-11D3-BF4B-00C04F79EFBC}") = "Landy.Services.Offer.Background", "Services.Offer\Landy.Services.Offer.Background\Landy.Services.Offer.Background.csproj", "{D4584E11-4CDE-4D08-A51B-31B0ACE6B0E4}"
EndProject
Project("{FAE04EC0-301F-11D3-BF4B-00C04F79EFBC}") = "Landy.Services.Offer.Api", "Services.Offer\Landy.Services.Offer.Api\Landy.Services.Offer.Api.csproj", "{578E5BD8-73B1-42CE-A63E-1FDA816675B2}"
EndProject
Project("{2150E333-8FDC-42A3-9474-1A3956D46DE8}") = "Gateways", "Gateways", "{0319E1C2-4150-4F1F-957D-FE14680665D7}"
EndProject
Project("{FAE04EC0-301F-11D3-BF4B-00C04F79EFBC}") = "Landy.Gateways.WebApi", "Gateways.WebApi\Landy.Gateways.WebApi\Landy.Gateways.WebApi.csproj", "{E81254E8-9278-4137-BEB4-B105310F7A33}"
EndProject
Global
	GlobalSection(SolutionConfigurationPlatforms) = preSolution
		Debug|Any CPU = Debug|Any CPU
		Debug|x64 = Debug|x64
		Debug|x86 = Debug|x86
		Release|Any CPU = Release|Any CPU
		Release|x64 = Release|x64
		Release|x86 = Release|x86
	EndGlobalSection
	GlobalSection(SolutionProperties) = preSolution
		HideSolutionNode = FALSE
	EndGlobalSection
	GlobalSection(ProjectConfigurationPlatforms) = postSolution
		{B11E0D1F-8BC3-443F-B655-9623B908FB57}.Debug|Any CPU.ActiveCfg = Debug|Any CPU
		{B11E0D1F-8BC3-443F-B655-9623B908FB57}.Debug|Any CPU.Build.0 = Debug|Any CPU
		{B11E0D1F-8BC3-443F-B655-9623B908FB57}.Debug|x64.ActiveCfg = Debug|Any CPU
		{B11E0D1F-8BC3-443F-B655-9623B908FB57}.Debug|x64.Build.0 = Debug|Any CPU
		{B11E0D1F-8BC3-443F-B655-9623B908FB57}.Debug|x86.ActiveCfg = Debug|Any CPU
		{B11E0D1F-8BC3-443F-B655-9623B908FB57}.Debug|x86.Build.0 = Debug|Any CPU
		{B11E0D1F-8BC3-443F-B655-9623B908FB57}.Release|Any CPU.ActiveCfg = Release|Any CPU
		{B11E0D1F-8BC3-443F-B655-9623B908FB57}.Release|Any CPU.Build.0 = Release|Any CPU
		{B11E0D1F-8BC3-443F-B655-9623B908FB57}.Release|x64.ActiveCfg = Release|Any CPU
		{B11E0D1F-8BC3-443F-B655-9623B908FB57}.Release|x64.Build.0 = Release|Any CPU
		{B11E0D1F-8BC3-443F-B655-9623B908FB57}.Release|x86.ActiveCfg = Release|Any CPU
		{B11E0D1F-8BC3-443F-B655-9623B908FB57}.Release|x86.Build.0 = Release|Any CPU
		{CB56E073-BF7F-41DA-995A-816240B59781}.Debug|Any CPU.ActiveCfg = Debug|Any CPU
		{CB56E073-BF7F-41DA-995A-816240B59781}.Debug|Any CPU.Build.0 = Debug|Any CPU
		{CB56E073-BF7F-41DA-995A-816240B59781}.Debug|x64.ActiveCfg = Debug|Any CPU
		{CB56E073-BF7F-41DA-995A-816240B59781}.Debug|x64.Build.0 = Debug|Any CPU
		{CB56E073-BF7F-41DA-995A-816240B59781}.Debug|x86.ActiveCfg = Debug|Any CPU
		{CB56E073-BF7F-41DA-995A-816240B59781}.Debug|x86.Build.0 = Debug|Any CPU
		{CB56E073-BF7F-41DA-995A-816240B59781}.Release|Any CPU.ActiveCfg = Release|Any CPU
		{CB56E073-BF7F-41DA-995A-816240B59781}.Release|Any CPU.Build.0 = Release|Any CPU
		{CB56E073-BF7F-41DA-995A-816240B59781}.Release|x64.ActiveCfg = Release|Any CPU
		{CB56E073-BF7F-41DA-995A-816240B59781}.Release|x64.Build.0 = Release|Any CPU
		{CB56E073-BF7F-41DA-995A-816240B59781}.Release|x86.ActiveCfg = Release|Any CPU
		{CB56E073-BF7F-41DA-995A-816240B59781}.Release|x86.Build.0 = Release|Any CPU
		{F40C8684-1B54-47C2-B850-3A194079F419}.Debug|Any CPU.ActiveCfg = Debug|Any CPU
		{F40C8684-1B54-47C2-B850-3A194079F419}.Debug|Any CPU.Build.0 = Debug|Any CPU
		{F40C8684-1B54-47C2-B850-3A194079F419}.Debug|x64.ActiveCfg = Debug|Any CPU
		{F40C8684-1B54-47C2-B850-3A194079F419}.Debug|x64.Build.0 = Debug|Any CPU
		{F40C8684-1B54-47C2-B850-3A194079F419}.Debug|x86.ActiveCfg = Debug|Any CPU
		{F40C8684-1B54-47C2-B850-3A194079F419}.Debug|x86.Build.0 = Debug|Any CPU
		{F40C8684-1B54-47C2-B850-3A194079F419}.Release|Any CPU.ActiveCfg = Release|Any CPU
		{F40C8684-1B54-47C2-B850-3A194079F419}.Release|Any CPU.Build.0 = Release|Any CPU
		{F40C8684-1B54-47C2-B850-3A194079F419}.Release|x64.ActiveCfg = Release|Any CPU
		{F40C8684-1B54-47C2-B850-3A194079F419}.Release|x64.Build.0 = Release|Any CPU
		{F40C8684-1B54-47C2-B850-3A194079F419}.Release|x86.ActiveCfg = Release|Any CPU
		{F40C8684-1B54-47C2-B850-3A194079F419}.Release|x86.Build.0 = Release|Any CPU
		{0650092B-3160-4571-8394-ED9D03C1F204}.Debug|Any CPU.ActiveCfg = Debug|Any CPU
		{0650092B-3160-4571-8394-ED9D03C1F204}.Debug|Any CPU.Build.0 = Debug|Any CPU
		{0650092B-3160-4571-8394-ED9D03C1F204}.Debug|x64.ActiveCfg = Debug|Any CPU
		{0650092B-3160-4571-8394-ED9D03C1F204}.Debug|x64.Build.0 = Debug|Any CPU
		{0650092B-3160-4571-8394-ED9D03C1F204}.Debug|x86.ActiveCfg = Debug|Any CPU
		{0650092B-3160-4571-8394-ED9D03C1F204}.Debug|x86.Build.0 = Debug|Any CPU
		{0650092B-3160-4571-8394-ED9D03C1F204}.Release|Any CPU.ActiveCfg = Release|Any CPU
		{0650092B-3160-4571-8394-ED9D03C1F204}.Release|Any CPU.Build.0 = Release|Any CPU
		{0650092B-3160-4571-8394-ED9D03C1F204}.Release|x64.ActiveCfg = Release|Any CPU
		{0650092B-3160-4571-8394-ED9D03C1F204}.Release|x64.Build.0 = Release|Any CPU
		{0650092B-3160-4571-8394-ED9D03C1F204}.Release|x86.ActiveCfg = Release|Any CPU
		{0650092B-3160-4571-8394-ED9D03C1F204}.Release|x86.Build.0 = Release|Any CPU
		{0A5AFC66-6155-4142-B190-3254CD01DD21}.Debug|Any CPU.ActiveCfg = Debug|Any CPU
		{0A5AFC66-6155-4142-B190-3254CD01DD21}.Debug|Any CPU.Build.0 = Debug|Any CPU
		{0A5AFC66-6155-4142-B190-3254CD01DD21}.Debug|x64.ActiveCfg = Debug|Any CPU
		{0A5AFC66-6155-4142-B190-3254CD01DD21}.Debug|x64.Build.0 = Debug|Any CPU
		{0A5AFC66-6155-4142-B190-3254CD01DD21}.Debug|x86.ActiveCfg = Debug|Any CPU
		{0A5AFC66-6155-4142-B190-3254CD01DD21}.Debug|x86.Build.0 = Debug|Any CPU
		{0A5AFC66-6155-4142-B190-3254CD01DD21}.Release|Any CPU.ActiveCfg = Release|Any CPU
		{0A5AFC66-6155-4142-B190-3254CD01DD21}.Release|Any CPU.Build.0 = Release|Any CPU
		{0A5AFC66-6155-4142-B190-3254CD01DD21}.Release|x64.ActiveCfg = Release|Any CPU
		{0A5AFC66-6155-4142-B190-3254CD01DD21}.Release|x64.Build.0 = Release|Any CPU
		{0A5AFC66-6155-4142-B190-3254CD01DD21}.Release|x86.ActiveCfg = Release|Any CPU
		{0A5AFC66-6155-4142-B190-3254CD01DD21}.Release|x86.Build.0 = Release|Any CPU
		{FB97F6A6-5E77-4A28-A4D4-168DBC38CF95}.Debug|Any CPU.ActiveCfg = Debug|Any CPU
		{FB97F6A6-5E77-4A28-A4D4-168DBC38CF95}.Debug|Any CPU.Build.0 = Debug|Any CPU
		{FB97F6A6-5E77-4A28-A4D4-168DBC38CF95}.Debug|x64.ActiveCfg = Debug|Any CPU
		{FB97F6A6-5E77-4A28-A4D4-168DBC38CF95}.Debug|x64.Build.0 = Debug|Any CPU
		{FB97F6A6-5E77-4A28-A4D4-168DBC38CF95}.Debug|x86.ActiveCfg = Debug|Any CPU
		{FB97F6A6-5E77-4A28-A4D4-168DBC38CF95}.Debug|x86.Build.0 = Debug|Any CPU
		{FB97F6A6-5E77-4A28-A4D4-168DBC38CF95}.Release|Any CPU.ActiveCfg = Release|Any CPU
		{FB97F6A6-5E77-4A28-A4D4-168DBC38CF95}.Release|Any CPU.Build.0 = Release|Any CPU
		{FB97F6A6-5E77-4A28-A4D4-168DBC38CF95}.Release|x64.ActiveCfg = Release|Any CPU
		{FB97F6A6-5E77-4A28-A4D4-168DBC38CF95}.Release|x64.Build.0 = Release|Any CPU
		{FB97F6A6-5E77-4A28-A4D4-168DBC38CF95}.Release|x86.ActiveCfg = Release|Any CPU
		{FB97F6A6-5E77-4A28-A4D4-168DBC38CF95}.Release|x86.Build.0 = Release|Any CPU
		{AE71354D-2F34-47F2-8D55-064718DAC555}.Debug|Any CPU.ActiveCfg = Debug|Any CPU
		{AE71354D-2F34-47F2-8D55-064718DAC555}.Debug|Any CPU.Build.0 = Debug|Any CPU
		{AE71354D-2F34-47F2-8D55-064718DAC555}.Debug|x64.ActiveCfg = Debug|Any CPU
		{AE71354D-2F34-47F2-8D55-064718DAC555}.Debug|x64.Build.0 = Debug|Any CPU
		{AE71354D-2F34-47F2-8D55-064718DAC555}.Debug|x86.ActiveCfg = Debug|Any CPU
		{AE71354D-2F34-47F2-8D55-064718DAC555}.Debug|x86.Build.0 = Debug|Any CPU
		{AE71354D-2F34-47F2-8D55-064718DAC555}.Release|Any CPU.ActiveCfg = Release|Any CPU
		{AE71354D-2F34-47F2-8D55-064718DAC555}.Release|Any CPU.Build.0 = Release|Any CPU
		{AE71354D-2F34-47F2-8D55-064718DAC555}.Release|x64.ActiveCfg = Release|Any CPU
		{AE71354D-2F34-47F2-8D55-064718DAC555}.Release|x64.Build.0 = Release|Any CPU
		{AE71354D-2F34-47F2-8D55-064718DAC555}.Release|x86.ActiveCfg = Release|Any CPU
		{AE71354D-2F34-47F2-8D55-064718DAC555}.Release|x86.Build.0 = Release|Any CPU
		{C6C3F297-3718-4C04-9635-3118D9C2F91D}.Debug|Any CPU.ActiveCfg = Debug|Any CPU
		{C6C3F297-3718-4C04-9635-3118D9C2F91D}.Debug|Any CPU.Build.0 = Debug|Any CPU
		{C6C3F297-3718-4C04-9635-3118D9C2F91D}.Debug|x64.ActiveCfg = Debug|Any CPU
		{C6C3F297-3718-4C04-9635-3118D9C2F91D}.Debug|x64.Build.0 = Debug|Any CPU
		{C6C3F297-3718-4C04-9635-3118D9C2F91D}.Debug|x86.ActiveCfg = Debug|Any CPU
		{C6C3F297-3718-4C04-9635-3118D9C2F91D}.Debug|x86.Build.0 = Debug|Any CPU
		{C6C3F297-3718-4C04-9635-3118D9C2F91D}.Release|Any CPU.ActiveCfg = Release|Any CPU
		{C6C3F297-3718-4C04-9635-3118D9C2F91D}.Release|Any CPU.Build.0 = Release|Any CPU
		{C6C3F297-3718-4C04-9635-3118D9C2F91D}.Release|x64.ActiveCfg = Release|Any CPU
		{C6C3F297-3718-4C04-9635-3118D9C2F91D}.Release|x64.Build.0 = Release|Any CPU
		{C6C3F297-3718-4C04-9635-3118D9C2F91D}.Release|x86.ActiveCfg = Release|Any CPU
		{C6C3F297-3718-4C04-9635-3118D9C2F91D}.Release|x86.Build.0 = Release|Any CPU
		{8CBAD5F5-5974-4A5E-9CCB-B1BBF9555559}.Debug|Any CPU.ActiveCfg = Debug|Any CPU
		{8CBAD5F5-5974-4A5E-9CCB-B1BBF9555559}.Debug|Any CPU.Build.0 = Debug|Any CPU
		{8CBAD5F5-5974-4A5E-9CCB-B1BBF9555559}.Debug|x64.ActiveCfg = Debug|Any CPU
		{8CBAD5F5-5974-4A5E-9CCB-B1BBF9555559}.Debug|x64.Build.0 = Debug|Any CPU
		{8CBAD5F5-5974-4A5E-9CCB-B1BBF9555559}.Debug|x86.ActiveCfg = Debug|Any CPU
		{8CBAD5F5-5974-4A5E-9CCB-B1BBF9555559}.Debug|x86.Build.0 = Debug|Any CPU
		{8CBAD5F5-5974-4A5E-9CCB-B1BBF9555559}.Release|Any CPU.ActiveCfg = Release|Any CPU
		{8CBAD5F5-5974-4A5E-9CCB-B1BBF9555559}.Release|Any CPU.Build.0 = Release|Any CPU
		{8CBAD5F5-5974-4A5E-9CCB-B1BBF9555559}.Release|x64.ActiveCfg = Release|Any CPU
		{8CBAD5F5-5974-4A5E-9CCB-B1BBF9555559}.Release|x64.Build.0 = Release|Any CPU
		{8CBAD5F5-5974-4A5E-9CCB-B1BBF9555559}.Release|x86.ActiveCfg = Release|Any CPU
		{8CBAD5F5-5974-4A5E-9CCB-B1BBF9555559}.Release|x86.Build.0 = Release|Any CPU
		{A3CBF118-3D9C-4F25-89F9-15EA46DA08E5}.Debug|Any CPU.ActiveCfg = Debug|Any CPU
		{A3CBF118-3D9C-4F25-89F9-15EA46DA08E5}.Debug|Any CPU.Build.0 = Debug|Any CPU
		{A3CBF118-3D9C-4F25-89F9-15EA46DA08E5}.Debug|x64.ActiveCfg = Debug|Any CPU
		{A3CBF118-3D9C-4F25-89F9-15EA46DA08E5}.Debug|x64.Build.0 = Debug|Any CPU
		{A3CBF118-3D9C-4F25-89F9-15EA46DA08E5}.Debug|x86.ActiveCfg = Debug|Any CPU
		{A3CBF118-3D9C-4F25-89F9-15EA46DA08E5}.Debug|x86.Build.0 = Debug|Any CPU
		{A3CBF118-3D9C-4F25-89F9-15EA46DA08E5}.Release|Any CPU.ActiveCfg = Release|Any CPU
		{A3CBF118-3D9C-4F25-89F9-15EA46DA08E5}.Release|Any CPU.Build.0 = Release|Any CPU
		{A3CBF118-3D9C-4F25-89F9-15EA46DA08E5}.Release|x64.ActiveCfg = Release|Any CPU
		{A3CBF118-3D9C-4F25-89F9-15EA46DA08E5}.Release|x64.Build.0 = Release|Any CPU
		{A3CBF118-3D9C-4F25-89F9-15EA46DA08E5}.Release|x86.ActiveCfg = Release|Any CPU
		{A3CBF118-3D9C-4F25-89F9-15EA46DA08E5}.Release|x86.Build.0 = Release|Any CPU
		{AC5A7DC5-CF84-4882-9015-0BB7A2A2D8C9}.Debug|Any CPU.ActiveCfg = Debug|Any CPU
		{AC5A7DC5-CF84-4882-9015-0BB7A2A2D8C9}.Debug|Any CPU.Build.0 = Debug|Any CPU
		{AC5A7DC5-CF84-4882-9015-0BB7A2A2D8C9}.Debug|x64.ActiveCfg = Debug|Any CPU
		{AC5A7DC5-CF84-4882-9015-0BB7A2A2D8C9}.Debug|x64.Build.0 = Debug|Any CPU
		{AC5A7DC5-CF84-4882-9015-0BB7A2A2D8C9}.Debug|x86.ActiveCfg = Debug|Any CPU
		{AC5A7DC5-CF84-4882-9015-0BB7A2A2D8C9}.Debug|x86.Build.0 = Debug|Any CPU
		{AC5A7DC5-CF84-4882-9015-0BB7A2A2D8C9}.Release|Any CPU.ActiveCfg = Release|Any CPU
		{AC5A7DC5-CF84-4882-9015-0BB7A2A2D8C9}.Release|Any CPU.Build.0 = Release|Any CPU
		{AC5A7DC5-CF84-4882-9015-0BB7A2A2D8C9}.Release|x64.ActiveCfg = Release|Any CPU
		{AC5A7DC5-CF84-4882-9015-0BB7A2A2D8C9}.Release|x64.Build.0 = Release|Any CPU
		{AC5A7DC5-CF84-4882-9015-0BB7A2A2D8C9}.Release|x86.ActiveCfg = Release|Any CPU
		{AC5A7DC5-CF84-4882-9015-0BB7A2A2D8C9}.Release|x86.Build.0 = Release|Any CPU
		{0A5D4D5A-9FCB-49CA-AFAC-D87342B5133F}.Debug|Any CPU.ActiveCfg = Debug|Any CPU
		{0A5D4D5A-9FCB-49CA-AFAC-D87342B5133F}.Debug|Any CPU.Build.0 = Debug|Any CPU
		{0A5D4D5A-9FCB-49CA-AFAC-D87342B5133F}.Debug|x64.ActiveCfg = Debug|Any CPU
		{0A5D4D5A-9FCB-49CA-AFAC-D87342B5133F}.Debug|x64.Build.0 = Debug|Any CPU
		{0A5D4D5A-9FCB-49CA-AFAC-D87342B5133F}.Debug|x86.ActiveCfg = Debug|Any CPU
		{0A5D4D5A-9FCB-49CA-AFAC-D87342B5133F}.Debug|x86.Build.0 = Debug|Any CPU
		{0A5D4D5A-9FCB-49CA-AFAC-D87342B5133F}.Release|Any CPU.ActiveCfg = Release|Any CPU
		{0A5D4D5A-9FCB-49CA-AFAC-D87342B5133F}.Release|Any CPU.Build.0 = Release|Any CPU
		{0A5D4D5A-9FCB-49CA-AFAC-D87342B5133F}.Release|x64.ActiveCfg = Release|Any CPU
		{0A5D4D5A-9FCB-49CA-AFAC-D87342B5133F}.Release|x64.Build.0 = Release|Any CPU
		{0A5D4D5A-9FCB-49CA-AFAC-D87342B5133F}.Release|x86.ActiveCfg = Release|Any CPU
		{0A5D4D5A-9FCB-49CA-AFAC-D87342B5133F}.Release|x86.Build.0 = Release|Any CPU
		{887CDB2C-F6DF-4CE2-84E6-EFDBFA634AFA}.Debug|Any CPU.ActiveCfg = Debug|Any CPU
		{887CDB2C-F6DF-4CE2-84E6-EFDBFA634AFA}.Debug|Any CPU.Build.0 = Debug|Any CPU
		{887CDB2C-F6DF-4CE2-84E6-EFDBFA634AFA}.Debug|x64.ActiveCfg = Debug|Any CPU
		{887CDB2C-F6DF-4CE2-84E6-EFDBFA634AFA}.Debug|x64.Build.0 = Debug|Any CPU
		{887CDB2C-F6DF-4CE2-84E6-EFDBFA634AFA}.Debug|x86.ActiveCfg = Debug|Any CPU
		{887CDB2C-F6DF-4CE2-84E6-EFDBFA634AFA}.Debug|x86.Build.0 = Debug|Any CPU
		{887CDB2C-F6DF-4CE2-84E6-EFDBFA634AFA}.Release|Any CPU.ActiveCfg = Release|Any CPU
		{887CDB2C-F6DF-4CE2-84E6-EFDBFA634AFA}.Release|Any CPU.Build.0 = Release|Any CPU
		{887CDB2C-F6DF-4CE2-84E6-EFDBFA634AFA}.Release|x64.ActiveCfg = Release|Any CPU
		{887CDB2C-F6DF-4CE2-84E6-EFDBFA634AFA}.Release|x64.Build.0 = Release|Any CPU
		{887CDB2C-F6DF-4CE2-84E6-EFDBFA634AFA}.Release|x86.ActiveCfg = Release|Any CPU
		{887CDB2C-F6DF-4CE2-84E6-EFDBFA634AFA}.Release|x86.Build.0 = Release|Any CPU
		{D4584E11-4CDE-4D08-A51B-31B0ACE6B0E4}.Debug|Any CPU.ActiveCfg = Debug|Any CPU
		{D4584E11-4CDE-4D08-A51B-31B0ACE6B0E4}.Debug|Any CPU.Build.0 = Debug|Any CPU
		{D4584E11-4CDE-4D08-A51B-31B0ACE6B0E4}.Debug|x64.ActiveCfg = Debug|Any CPU
		{D4584E11-4CDE-4D08-A51B-31B0ACE6B0E4}.Debug|x64.Build.0 = Debug|Any CPU
		{D4584E11-4CDE-4D08-A51B-31B0ACE6B0E4}.Debug|x86.ActiveCfg = Debug|Any CPU
		{D4584E11-4CDE-4D08-A51B-31B0ACE6B0E4}.Debug|x86.Build.0 = Debug|Any CPU
		{D4584E11-4CDE-4D08-A51B-31B0ACE6B0E4}.Release|Any CPU.ActiveCfg = Release|Any CPU
		{D4584E11-4CDE-4D08-A51B-31B0ACE6B0E4}.Release|Any CPU.Build.0 = Release|Any CPU
		{D4584E11-4CDE-4D08-A51B-31B0ACE6B0E4}.Release|x64.ActiveCfg = Release|Any CPU
		{D4584E11-4CDE-4D08-A51B-31B0ACE6B0E4}.Release|x64.Build.0 = Release|Any CPU
		{D4584E11-4CDE-4D08-A51B-31B0ACE6B0E4}.Release|x86.ActiveCfg = Release|Any CPU
		{D4584E11-4CDE-4D08-A51B-31B0ACE6B0E4}.Release|x86.Build.0 = Release|Any CPU
		{578E5BD8-73B1-42CE-A63E-1FDA816675B2}.Debug|Any CPU.ActiveCfg = Debug|Any CPU
		{578E5BD8-73B1-42CE-A63E-1FDA816675B2}.Debug|Any CPU.Build.0 = Debug|Any CPU
		{578E5BD8-73B1-42CE-A63E-1FDA816675B2}.Debug|x64.ActiveCfg = Debug|Any CPU
		{578E5BD8-73B1-42CE-A63E-1FDA816675B2}.Debug|x64.Build.0 = Debug|Any CPU
		{578E5BD8-73B1-42CE-A63E-1FDA816675B2}.Debug|x86.ActiveCfg = Debug|Any CPU
		{578E5BD8-73B1-42CE-A63E-1FDA816675B2}.Debug|x86.Build.0 = Debug|Any CPU
		{578E5BD8-73B1-42CE-A63E-1FDA816675B2}.Release|Any CPU.ActiveCfg = Release|Any CPU
		{578E5BD8-73B1-42CE-A63E-1FDA816675B2}.Release|Any CPU.Build.0 = Release|Any CPU
		{578E5BD8-73B1-42CE-A63E-1FDA816675B2}.Release|x64.ActiveCfg = Release|Any CPU
		{578E5BD8-73B1-42CE-A63E-1FDA816675B2}.Release|x64.Build.0 = Release|Any CPU
		{578E5BD8-73B1-42CE-A63E-1FDA816675B2}.Release|x86.ActiveCfg = Release|Any CPU
		{578E5BD8-73B1-42CE-A63E-1FDA816675B2}.Release|x86.Build.0 = Release|Any CPU
		{E81254E8-9278-4137-BEB4-B105310F7A33}.Debug|Any CPU.ActiveCfg = Debug|Any CPU
		{E81254E8-9278-4137-BEB4-B105310F7A33}.Debug|Any CPU.Build.0 = Debug|Any CPU
		{E81254E8-9278-4137-BEB4-B105310F7A33}.Debug|x64.ActiveCfg = Debug|Any CPU
		{E81254E8-9278-4137-BEB4-B105310F7A33}.Debug|x64.Build.0 = Debug|Any CPU
		{E81254E8-9278-4137-BEB4-B105310F7A33}.Debug|x86.ActiveCfg = Debug|Any CPU
		{E81254E8-9278-4137-BEB4-B105310F7A33}.Debug|x86.Build.0 = Debug|Any CPU
		{E81254E8-9278-4137-BEB4-B105310F7A33}.Release|Any CPU.ActiveCfg = Release|Any CPU
		{E81254E8-9278-4137-BEB4-B105310F7A33}.Release|Any CPU.Build.0 = Release|Any CPU
		{E81254E8-9278-4137-BEB4-B105310F7A33}.Release|x64.ActiveCfg = Release|Any CPU
		{E81254E8-9278-4137-BEB4-B105310F7A33}.Release|x64.Build.0 = Release|Any CPU
		{E81254E8-9278-4137-BEB4-B105310F7A33}.Release|x86.ActiveCfg = Release|Any CPU
		{E81254E8-9278-4137-BEB4-B105310F7A33}.Release|x86.Build.0 = Release|Any CPU
	EndGlobalSection
	GlobalSection(NestedProjects) = preSolution
		{B11E0D1F-8BC3-443F-B655-9623B908FB57} = {1AC880A6-752D-4FFA-8750-0D83C3300547}
		{CB56E073-BF7F-41DA-995A-816240B59781} = {1AC880A6-752D-4FFA-8750-0D83C3300547}
		{F40C8684-1B54-47C2-B850-3A194079F419} = {1AC880A6-752D-4FFA-8750-0D83C3300547}
		{0650092B-3160-4571-8394-ED9D03C1F204} = {1AC880A6-752D-4FFA-8750-0D83C3300547}
		{36B9EC88-052F-4DC3-ACEC-53BD526E963B} = {176FC32F-2DC6-44CD-917E-D1708252C9AB}
		{CAFF8FAF-399B-424C-A3F6-02C156CBEC63} = {176FC32F-2DC6-44CD-917E-D1708252C9AB}
		{F5A794F5-B00D-4FD9-B9C6-E8AB4418A954} = {176FC32F-2DC6-44CD-917E-D1708252C9AB}
		{82F24A8F-3020-4B38-8B87-97A7D1D3326D} = {176FC32F-2DC6-44CD-917E-D1708252C9AB}
		{0A5AFC66-6155-4142-B190-3254CD01DD21} = {82F24A8F-3020-4B38-8B87-97A7D1D3326D}
		{FB97F6A6-5E77-4A28-A4D4-168DBC38CF95} = {82F24A8F-3020-4B38-8B87-97A7D1D3326D}
		{AE71354D-2F34-47F2-8D55-064718DAC555} = {82F24A8F-3020-4B38-8B87-97A7D1D3326D}
		{C6C3F297-3718-4C04-9635-3118D9C2F91D} = {36B9EC88-052F-4DC3-ACEC-53BD526E963B}
		{8CBAD5F5-5974-4A5E-9CCB-B1BBF9555559} = {36B9EC88-052F-4DC3-ACEC-53BD526E963B}
		{A3CBF118-3D9C-4F25-89F9-15EA46DA08E5} = {CAFF8FAF-399B-424C-A3F6-02C156CBEC63}
		{AC5A7DC5-CF84-4882-9015-0BB7A2A2D8C9} = {CAFF8FAF-399B-424C-A3F6-02C156CBEC63}
		{0A5D4D5A-9FCB-49CA-AFAC-D87342B5133F} = {CAFF8FAF-399B-424C-A3F6-02C156CBEC63}
		{887CDB2C-F6DF-4CE2-84E6-EFDBFA634AFA} = {F5A794F5-B00D-4FD9-B9C6-E8AB4418A954}
		{D4584E11-4CDE-4D08-A51B-31B0ACE6B0E4} = {F5A794F5-B00D-4FD9-B9C6-E8AB4418A954}
		{578E5BD8-73B1-42CE-A63E-1FDA816675B2} = {F5A794F5-B00D-4FD9-B9C6-E8AB4418A954}
		{E81254E8-9278-4137-BEB4-B105310F7A33} = {0319E1C2-4150-4F1F-957D-FE14680665D7}
	EndGlobalSection
EndGlobal
